{
    "_readme": [
        "This file locks the dependencies of your project to a known state",
        "Read more about it at https://getcomposer.org/doc/01-basic-usage.md#composer-lock-the-lock-file",
        "This file is @generated automatically"
    ],
    "content-hash": "083bbaf17246ff5c0f8773f5f421e473",
    "packages": [
        {
            "name": "fluentdom/fluentdom",
            "version": "7.0.0",
            "source": {
                "type": "git",
                "url": "https://github.com/FluentDOM/FluentDOM.git",
                "reference": "fda8452ef698d1ae644d3938513b33d9c3d86eb7"
            },
            "dist": {
                "type": "zip",
                "url": "https://api.github.com/repos/FluentDOM/FluentDOM/zipball/fda8452ef698d1ae644d3938513b33d9c3d86eb7",
                "reference": "fda8452ef698d1ae644d3938513b33d9c3d86eb7",
                "shasum": ""
            },
            "require": {
                "ext-dom": "*",
                "php": ">=7.0"
            },
            "suggest": {
                "ext-xmlreader": "XMLReader, XML pull parser, read large XMLs",
                "ext-xmlwriter": "XMLWriter, Write large XMLs",
                "fluentdom/css-selector": "Allows to use css selectors."
            },
            "type": "library",
            "autoload": {
                "files": [
                    "src/FluentDOM.php"
                ],
                "psr-4": {
                    "FluentDOM\\": "src/FluentDOM"
                }
            },
            "notification-url": "https://packagist.org/downloads/",
            "license": [
                "MIT"
            ],
            "authors": [
                {
                    "name": "FluentDOM Contributors",
                    "homepage": "https://github.com/FluentDOM/FluentDOM/contributors"
                }
            ],
            "description": "A fluent api for the php dom extension.",
            "homepage": "http://fluentdom.org",
            "keywords": [
                "XMLReader",
                "XMLWriter",
                "Xpath",
                "dom",
                "jquery",
                "xml"
            ],
            "time": "2017-10-01T10:41:43+00:00"
        },
        {
            "name": "masterminds/html5",
            "version": "2.3.0",
            "source": {
                "type": "git",
                "url": "https://github.com/Masterminds/html5-php.git",
                "reference": "2c37c6c520b995b761674de3be8455a381679067"
            },
            "dist": {
                "type": "zip",
                "url": "https://api.github.com/repos/Masterminds/html5-php/zipball/2c37c6c520b995b761674de3be8455a381679067",
                "reference": "2c37c6c520b995b761674de3be8455a381679067",
                "shasum": ""
            },
            "require": {
                "ext-libxml": "*",
                "php": ">=5.3.0"
            },
            "require-dev": {
                "phpunit/phpunit": "4.*",
                "sami/sami": "~2.0",
                "satooshi/php-coveralls": "1.0.*"
            },
            "type": "library",
            "extra": {
                "branch-alias": {
                    "dev-master": "2.2-dev"
                }
            },
            "autoload": {
                "psr-4": {
                    "Masterminds\\": "src"
                }
            },
            "notification-url": "https://packagist.org/downloads/",
            "license": [
                "MIT"
            ],
            "authors": [
                {
                    "name": "Matt Butcher",
                    "email": "technosophos@gmail.com"
                },
                {
                    "name": "Asmir Mustafic",
                    "email": "goetas@gmail.com"
                },
                {
                    "name": "Matt Farina",
                    "email": "matt@mattfarina.com"
                }
            ],
            "description": "An HTML5 parser and serializer.",
            "homepage": "http://masterminds.github.io/html5-php",
            "keywords": [
                "HTML5",
                "dom",
                "html",
                "parser",
                "querypath",
                "serializer",
                "xml"
            ],
            "time": "2017-09-04T12:26:28+00:00"
        }
    ],
    "packages-dev": [
        {
            "name": "carica/phpcss",
            "version": "0.4.0",
            "source": {
                "type": "git",
                "url": "https://github.com/ThomasWeinert/PhpCss.git",
                "reference": "1e044684052d9456eaabbe796a10165e04614f79"
            },
            "dist": {
                "type": "zip",
                "url": "https://api.github.com/repos/ThomasWeinert/PhpCss/zipball/1e044684052d9456eaabbe796a10165e04614f79",
                "reference": "1e044684052d9456eaabbe796a10165e04614f79",
                "shasum": ""
            },
            "require": {
                "php": ">=5.5"
            },
            "type": "library",
            "autoload": {
                "psr-4": {
                    "PhpCss\\": "src/PhpCss"
                },
                "files": [
                    "src/PhpCss.php"
                ]
            },
            "notification-url": "https://packagist.org/downloads/",
            "license": [
                "MIT license"
            ],
            "authors": [
                {
                    "name": "Thomas Weinert",
                    "email": "thomas@weinert.info"
                }
            ],
            "description": "An css selector parser and converter",
            "time": "2016-08-09T11:48:58+00:00"
        },
        {
            "name": "fluentdom/selectors-phpcss",
            "version": "1.1.0",
            "source": {
                "type": "git",
                "url": "https://github.com/FluentDOM/Selectors-PHPCss.git",
                "reference": "9822e463599392887a277250b1902dee92676f2f"
            },
            "dist": {
                "type": "zip",
                "url": "https://api.github.com/repos/FluentDOM/Selectors-PHPCss/zipball/9822e463599392887a277250b1902dee92676f2f",
                "reference": "9822e463599392887a277250b1902dee92676f2f",
                "shasum": ""
            },
            "require": {
                "carica/phpcss": "~0.3",
                "fluentdom/fluentdom": "7.x"
            },
            "provide": {
                "fluentdom/css-selector": "1.1.0"
            },
            "type": "library",
            "autoload": {
                "files": [
                    "src/plugin.php"
                ],
                "psr-4": {
                    "FluentDOM\\PhpCss\\": "src/"
                }
            },
            "notification-url": "https://packagist.org/downloads/",
            "license": [
                "MIT"
            ],
            "authors": [
                {
                    "name": "FluentDOM Contributors",
                    "homepage": "https://github.com/FluentDOM/FluentDOM/contributors"
                }
            ],
            "description": "Provides CSS selector for FluentDOM using Carica PHPCss.",
            "homepage": "http://fluentdom.org",
            "keywords": [
                "css",
                "css selectors",
                "dom",
                "jquery",
                "xml"
            ],
            "time": "2017-10-01T11:26:39+00:00"
        }
    ],
    "aliases": [],
    "minimum-stability": "stable",
    "stability-flags": [],
    "prefer-stable": false,
    "prefer-lowest": false,
    "platform": {
        "php": ">=5.6.0"
    },
    "platform-dev": [],
    "platform-overrides": {
        "php": "7.0"
    }
}
